<?xml version="1.0" encoding="utf-8"?>
<Project ToolsVersion="4.0" xmlns="http://schemas.microsoft.com/developer/msbuild/2003">
  <ItemGroup>
    <Filter Include="Source Files">
      <UniqueIdentifier>{4FC737F1-C7A5-4376-A066-2A32D752A2FF}</UniqueIdentifier>
      <Extensions>cpp;c;cc;cxx;def;odl;idl;hpj;bat;asm;asmx</Extensions>
    </Filter>
    <Filter Include="Resource Files">
      <UniqueIdentifier>{67DA6AB6-F800-4c08-8B7A-83BB121AAD01}</UniqueIdentifier>
      <Extensions>rc;ico;cur;bmp;dlg;rc2;rct;bin;rgs;gif;jpg;jpeg;jpe;resx;tiff;tif;png;wav;mfcribbon-ms</Extensions>
    </Filter>
    <Filter Include="Source Files\Engine">
      <UniqueIdentifier>{018d6505-9066-4e62-ab8a-f1cf16c363ee}</UniqueIdentifier>
    </Filter>
    <Filter Include="Source Files\Engine\Game">
      <UniqueIdentifier>{d614af55-0dba-4107-bdcd-0f405e29909c}</UniqueIdentifier>
    </Filter>
    <Filter Include="Source Files\External">
      <UniqueIdentifier>{e5562e46-408a-4e83-8283-a9203fc773ac}</UniqueIdentifier>
    </Filter>
    <Filter Include="Source Files\Game">
      <UniqueIdentifier>{91941cbf-c4f9-4a4d-80c5-81f01ccb92ca}</UniqueIdentifier>
    </Filter>
    <Filter Include="Source Files\Game\Levels">
      <UniqueIdentifier>{618ec127-1cf3-46ba-ac73-a966c94594f5}</UniqueIdentifier>
    </Filter>
    <Filter Include="Source Files\Utility">
      <UniqueIdentifier>{c50e8533-ad4c-4cfb-afa3-6f7e8f2a3045}</UniqueIdentifier>
    </Filter>
    <Filter Include="Resource Files\Shaders">
      <UniqueIdentifier>{ad00df46-2475-43e0-8b3a-58693478b5bf}</UniqueIdentifier>
    </Filter>
    <Filter Include="Source Files\Engine\Cameras">
      <UniqueIdentifier>{a84d4af8-9170-4a51-8b80-a506e8130f6e}</UniqueIdentifier>
    </Filter>
    <Filter Include="Source Files\Engine\Actors">
      <UniqueIdentifier>{e829f6b7-c945-4b3d-8df9-e3fd47b786e7}</UniqueIdentifier>
    </Filter>
    <Filter Include="Source Files\Engine\Actors\GizmoGrid">
      <UniqueIdentifier>{adab81df-9ce3-44c5-a173-1343308a7793}</UniqueIdentifier>
    </Filter>
    <Filter Include="Source Files\Engine\Actors\Mesh">
      <UniqueIdentifier>{58865d1d-f965-4a91-9160-f8a4a5779b90}</UniqueIdentifier>
    </Filter>
    <Filter Include="Source Files\Engine\Lighting">
      <UniqueIdentifier>{dd063a77-8bea-418a-be9c-3511bd29decd}</UniqueIdentifier>
    </Filter>
    <Filter Include="Resource Files\Shaders\composite">
      <UniqueIdentifier>{4cf19833-56dd-4628-8b00-62b034f77d56}</UniqueIdentifier>
    </Filter>
    <Filter Include="Resource Files\Shaders\gbuffer">
      <UniqueIdentifier>{4a13b7e4-6a43-4244-87b8-b21e333305ed}</UniqueIdentifier>
    </Filter>
    <Filter Include="Resource Files\Shaders\lights">
      <UniqueIdentifier>{e24c220f-3c16-4f2b-8846-d44bba67f0d9}</UniqueIdentifier>
    </Filter>
    <Filter Include="Resource Files\Shaders\lights\point">
      <UniqueIdentifier>{baf21538-e1ab-4bff-9459-4b190e51b57a}</UniqueIdentifier>
    </Filter>
    <Filter Include="Resource Files\Shaders\lights\directional">
      <UniqueIdentifier>{daef8272-6b2a-4b7c-90cf-9647563f30d8}</UniqueIdentifier>
    </Filter>
  </ItemGroup>
  <ItemGroup>
    <ClCompile Include="src\external\Gizmos.cpp">
      <Filter>Source Files\External</Filter>
    </ClCompile>
    <ClCompile Include="src\external\gl_core_4_4.c">
      <Filter>Source Files\External</Filter>
    </ClCompile>
    <ClCompile Include="src\external\tiny_obj_loader.cc">
      <Filter>Source Files\External</Filter>
    </ClCompile>
    <ClCompile Include="src\main.cpp">
      <Filter>Source Files</Filter>
    </ClCompile>
    <ClCompile Include="src\Engine\Game.cpp">
      <Filter>Source Files\Engine\Game</Filter>
    </ClCompile>
    <ClCompile Include="src\Engine\Level.cpp">
      <Filter>Source Files\Engine\Game</Filter>
    </ClCompile>
    <ClCompile Include="src\Engine\Actor.cpp">
      <Filter>Source Files\Engine\Actors</Filter>
    </ClCompile>
    <ClCompile Include="src\Engine\Camera.cpp">
      <Filter>Source Files\Engine\Cameras</Filter>
    </ClCompile>
    <ClCompile Include="src\Engine\FlyCam.cpp">
      <Filter>Source Files\Engine\Cameras</Filter>
    </ClCompile>
    <ClCompile Include="src\Engine\GizmoGrid.cpp">
      <Filter>Source Files\Engine\Actors\GizmoGrid</Filter>
    </ClCompile>
    <ClCompile Include="src\Engine\Mesh.cpp">
      <Filter>Source Files\Engine\Actors\Mesh</Filter>
    </ClCompile>
    <ClCompile Include="src\Engine\ShaderLoading.cpp">
      <Filter>Source Files\Utility</Filter>
    </ClCompile>
    <ClCompile Include="src\Engine\DirectionalLight.cpp">
      <Filter>Source Files\Engine\Lighting</Filter>
    </ClCompile>
    <ClCompile Include="src\Engine\PointLight.cpp">
      <Filter>Source Files\Engine\Lighting</Filter>
    </ClCompile>
  </ItemGroup>
  <ItemGroup>
    <ClInclude Include="src\external\Gizmos.h">
      <Filter>Source Files\External</Filter>
    </ClInclude>
    <ClInclude Include="src\external\gl_core_4_4.h">
      <Filter>Source Files\External</Filter>
    </ClInclude>
    <ClInclude Include="src\external\stb_image.h">
      <Filter>Source Files\External</Filter>
    </ClInclude>
    <ClInclude Include="src\external\tiny_obj_loader.h">
      <Filter>Source Files\External</Filter>
    </ClInclude>
    <ClInclude Include="src\Engine\Game.h">
      <Filter>Source Files\Engine\Game</Filter>
    </ClInclude>
    <ClInclude Include="src\Engine\Level.h">
      <Filter>Source Files\Engine\Game</Filter>
    </ClInclude>
    <ClInclude Include="src\Engine\Actor.h">
      <Filter>Source Files\Engine\Actors</Filter>
    </ClInclude>
    <ClInclude Include="src\Engine\glm_includes.h">
      <Filter>Source Files\Utility</Filter>
    </ClInclude>
    <ClInclude Include="src\Engine\Camera.h">
      <Filter>Source Files\Engine\Cameras</Filter>
    </ClInclude>
    <ClInclude Include="src\Engine\FlyCam.h">
      <Filter>Source Files\Engine\Cameras</Filter>
    </ClInclude>
    <ClInclude Include="src\Engine\GizmoGrid.h">
      <Filter>Source Files\Engine\Actors\GizmoGrid</Filter>
    </ClInclude>
    <ClInclude Include="src\Engine\Mesh.h">
      <Filter>Source Files\Engine\Actors\Mesh</Filter>
    </ClInclude>
    <ClInclude Include="src\Engine\PointLight.h">
      <Filter>Source Files\Engine\Lighting</Filter>
    </ClInclude>
    <ClInclude Include="src\Engine\DirectionalLight.h">
      <Filter>Source Files\Engine\Lighting</Filter>
    </ClInclude>
    <ClInclude Include="src\Engine\ShaderLoading.h">
      <Filter>Source Files\Utility</Filter>
    </ClInclude>
  </ItemGroup>
</Project>